
Microsoft Visual Studio Solution File, Format Version 12.00
# Visual Studio Version 17
VisualStudioVersion = 17.9.34728.123
MinimumVisualStudioVersion = 10.0.40219.1
Project("{2150E333-8FDC-42A3-9474-1A3956D46DE8}") = "Core", "Core", "{5BF957E7-FEB0-4982-85FA-08865A50A395}"
EndProject
Project("{2150E333-8FDC-42A3-9474-1A3956D46DE8}") = "Src", "Src", "{87F934DB-7036-46B3-9E07-0902284B5079}"
EndProject
Project("{2150E333-8FDC-42A3-9474-1A3956D46DE8}") = "Services", "Services", "{60452B84-77B6-45B9-925E-141D07AAF3EA}"
EndProject
Project("{2150E333-8FDC-42A3-9474-1A3956D46DE8}") = "Solution Items", "Solution Items", "{5457CF9B-8903-43DE-81C0-4E30610E3000}"
EndProject
Project("{9A19103F-16F7-4668-BE54-9A1E7A4F7556}") = "AppHost", "Core\AppHost\AppHost.csproj", "{D7D407F9-E2AD-44FD-8FE7-2EC8E1A78856}"
EndProject
Project("{9A19103F-16F7-4668-BE54-9A1E7A4F7556}") = "ServiceDefaults", "Core\ServiceDefaults\ServiceDefaults.csproj", "{D0E3EFFC-A8A1-4811-90EA-B024BA34B0A7}"
EndProject
Project("{9A19103F-16F7-4668-BE54-9A1E7A4F7556}") = "AspirePoC.BookService", "..\AspirePoC.BookService\AspirePoC.BookService\AspirePoC.BookService.csproj", "{1983DF13-31B6-4B62-A09B-632F6187F5C4}"
EndProject
Project("{9A19103F-16F7-4668-BE54-9A1E7A4F7556}") = "AspirePoC.ActorService", "..\AspirePoC.ActorService\AspirePoC.ActorService\AspirePoC.ActorService.csproj", "{C7877C90-A9E4-415C-BD12-4070BDA3AB40}"
EndProject
Project("{9A19103F-16F7-4668-BE54-9A1E7A4F7556}") = "AspirePoC.GatewayService", "..\AspirePoC.GatewayService\AspirePoC.GatewayService\AspirePoC.GatewayService.csproj", "{4552FAC5-EA7B-4913-A22F-AEB48622F037}"
EndProject
Global
	GlobalSection(SolutionConfigurationPlatforms) = preSolution
		Debug|Any CPU = Debug|Any CPU
		Release|Any CPU = Release|Any CPU
	EndGlobalSection
	GlobalSection(ProjectConfigurationPlatforms) = postSolution
		{D7D407F9-E2AD-44FD-8FE7-2EC8E1A78856}.Debug|Any CPU.ActiveCfg = Debug|Any CPU
		{D7D407F9-E2AD-44FD-8FE7-2EC8E1A78856}.Debug|Any CPU.Build.0 = Debug|Any CPU
		{D7D407F9-E2AD-44FD-8FE7-2EC8E1A78856}.Release|Any CPU.ActiveCfg = Release|Any CPU
		{D7D407F9-E2AD-44FD-8FE7-2EC8E1A78856}.Release|Any CPU.Build.0 = Release|Any CPU
		{D0E3EFFC-A8A1-4811-90EA-B024BA34B0A7}.Debug|Any CPU.ActiveCfg = Debug|Any CPU
		{D0E3EFFC-A8A1-4811-90EA-B024BA34B0A7}.Debug|Any CPU.Build.0 = Debug|Any CPU
		{D0E3EFFC-A8A1-4811-90EA-B024BA34B0A7}.Release|Any CPU.ActiveCfg = Release|Any CPU
		{D0E3EFFC-A8A1-4811-90EA-B024BA34B0A7}.Release|Any CPU.Build.0 = Release|Any CPU
		{1983DF13-31B6-4B62-A09B-632F6187F5C4}.Debug|Any CPU.ActiveCfg = Debug|Any CPU
		{1983DF13-31B6-4B62-A09B-632F6187F5C4}.Debug|Any CPU.Build.0 = Debug|Any CPU
		{1983DF13-31B6-4B62-A09B-632F6187F5C4}.Release|Any CPU.ActiveCfg = Release|Any CPU
		{1983DF13-31B6-4B62-A09B-632F6187F5C4}.Release|Any CPU.Build.0 = Release|Any CPU
		{C7877C90-A9E4-415C-BD12-4070BDA3AB40}.Debug|Any CPU.ActiveCfg = Debug|Any CPU
		{C7877C90-A9E4-415C-BD12-4070BDA3AB40}.Debug|Any CPU.Build.0 = Debug|Any CPU
		{C7877C90-A9E4-415C-BD12-4070BDA3AB40}.Release|Any CPU.ActiveCfg = Release|Any CPU
		{C7877C90-A9E4-415C-BD12-4070BDA3AB40}.Release|Any CPU.Build.0 = Release|Any CPU
		{4552FAC5-EA7B-4913-A22F-AEB48622F037}.Debug|Any CPU.ActiveCfg = Debug|Any CPU
		{4552FAC5-EA7B-4913-A22F-AEB48622F037}.Debug|Any CPU.Build.0 = Debug|Any CPU
		{4552FAC5-EA7B-4913-A22F-AEB48622F037}.Release|Any CPU.ActiveCfg = Release|Any CPU
		{4552FAC5-EA7B-4913-A22F-AEB48622F037}.Release|Any CPU.Build.0 = Release|Any CPU
	EndGlobalSection
	GlobalSection(SolutionProperties) = preSolution
		HideSolutionNode = FALSE
	EndGlobalSection
	GlobalSection(NestedProjects) = preSolution
		{5BF957E7-FEB0-4982-85FA-08865A50A395} = {87F934DB-7036-46B3-9E07-0902284B5079}
		{60452B84-77B6-45B9-925E-141D07AAF3EA} = {87F934DB-7036-46B3-9E07-0902284B5079}
		{D7D407F9-E2AD-44FD-8FE7-2EC8E1A78856} = {5BF957E7-FEB0-4982-85FA-08865A50A395}
		{D0E3EFFC-A8A1-4811-90EA-B024BA34B0A7} = {5BF957E7-FEB0-4982-85FA-08865A50A395}
		{1983DF13-31B6-4B62-A09B-632F6187F5C4} = {60452B84-77B6-45B9-925E-141D07AAF3EA}
		{C7877C90-A9E4-415C-BD12-4070BDA3AB40} = {60452B84-77B6-45B9-925E-141D07AAF3EA}
		{4552FAC5-EA7B-4913-A22F-AEB48622F037} = {60452B84-77B6-45B9-925E-141D07AAF3EA}
	EndGlobalSection
	GlobalSection(ExtensibilityGlobals) = postSolution
		SolutionGuid = {CCBD6845-2CC2-4F24-9672-E4802A5AF1D5}
	EndGlobalSection
EndGlobal
